
Microsoft Visual Studio Solution File, Format Version 12.00
# Visual Studio Version 16
VisualStudioVersion = 16.0.29806.167
MinimumVisualStudioVersion = 10.0.40219.1
Project("{FAE04EC0-301F-11D3-BF4B-00C04F79EFBC}") = "randevu al", "randevu al\randevu al.csproj", "{E3DA6084-20DB-4568-9483-E96B27F77C9B}"
EndProject
Global
	GlobalSection(SolutionConfigurationPlatforms) = preSolution
		Debug|Any CPU = Debug|Any CPU
		Release|Any CPU = Release|Any CPU
	EndGlobalSection
	GlobalSection(ProjectConfigurationPlatforms) = postSolution
		{E3DA6084-20DB-4568-9483-E96B27F77C9B}.Debug|Any CPU.ActiveCfg = Debug|Any CPU
		{E3DA6084-20DB-4568-9483-E96B27F77C9B}.Debug|Any CPU.Build.0 = Debug|Any CPU
		{E3DA6084-20DB-4568-9483-E96B27F77C9B}.Release|Any CPU.ActiveCfg = Release|Any CPU
		{E3DA6084-20DB-4568-9483-E96B27F77C9B}.Release|Any CPU.Build.0 = Release|Any CPU
	EndGlobalSection
	GlobalSection(SolutionProperties) = preSolution
		HideSolutionNode = FALSE
	EndGlobalSection
	GlobalSection(ExtensibilityGlobals) = postSolution
		SolutionGuid = {9C9F596F-8A57-47E5-AD5B-8EE42B778891}
	EndGlobalSection
EndGlobal
